
Microsoft Visual Studio Solution File, Format Version 12.00
# Visual Studio Version 16
VisualStudioVersion = 16.0.29728.190
MinimumVisualStudioVersion = 10.0.40219.1
Project("{FAE04EC0-301F-11D3-BF4B-00C04F79EFBC}") = "Lambda Expression", "Lambda Expression\Lambda Expression.csproj", "{675C46CA-D0E9-4700-BED1-0D73498EF79B}"
EndProject
Global
	GlobalSection(SolutionConfigurationPlatforms) = preSolution
		Debug|Any CPU = Debug|Any CPU
		Release|Any CPU = Release|Any CPU
	EndGlobalSection
	GlobalSection(ProjectConfigurationPlatforms) = postSolution
		{675C46CA-D0E9-4700-BED1-0D73498EF79B}.Debug|Any CPU.ActiveCfg = Debug|Any CPU
		{675C46CA-D0E9-4700-BED1-0D73498EF79B}.Debug|Any CPU.Build.0 = Debug|Any CPU
		{675C46CA-D0E9-4700-BED1-0D73498EF79B}.Release|Any CPU.ActiveCfg = Release|Any CPU
		{675C46CA-D0E9-4700-BED1-0D73498EF79B}.Release|Any CPU.Build.0 = Release|Any CPU
	EndGlobalSection
	GlobalSection(SolutionProperties) = preSolution
		HideSolutionNode = FALSE
	EndGlobalSection
	GlobalSection(ExtensibilityGlobals) = postSolution
		SolutionGuid = {2B8A6BDD-E470-49D1-934C-C884F72049F8}
	EndGlobalSection
EndGlobal
